
Microsoft Visual Studio Solution File, Format Version 12.00
# Visual Studio Version 16
VisualStudioVersion = 16.0.29424.173
MinimumVisualStudioVersion = 10.0.40219.1
Project("{FAE04EC0-301F-11D3-BF4B-00C04F79EFBC}") = "ApplicationWithSocialAuth", "ApplicationWithSocialAuth.csproj", "{985CEE13-A933-44B6-ABB6-0CE7E3BDE600}"
EndProject
Global
	GlobalSection(SolutionConfigurationPlatforms) = preSolution
		Debug|Any CPU = Debug|Any CPU
		Release|Any CPU = Release|Any CPU
	EndGlobalSection
	GlobalSection(ProjectConfigurationPlatforms) = postSolution
		{985CEE13-A933-44B6-ABB6-0CE7E3BDE600}.Debug|Any CPU.ActiveCfg = Debug|Any CPU
		{985CEE13-A933-44B6-ABB6-0CE7E3BDE600}.Debug|Any CPU.Build.0 = Debug|Any CPU
		{985CEE13-A933-44B6-ABB6-0CE7E3BDE600}.Release|Any CPU.ActiveCfg = Release|Any CPU
		{985CEE13-A933-44B6-ABB6-0CE7E3BDE600}.Release|Any CPU.Build.0 = Release|Any CPU
	EndGlobalSection
	GlobalSection(SolutionProperties) = preSolution
		HideSolutionNode = FALSE
	EndGlobalSection
	GlobalSection(ExtensibilityGlobals) = postSolution
		SolutionGuid = {8E77B421-457C-45AA-AE3E-4D4112C3A2F4}
	EndGlobalSection
EndGlobal
